Microsoft Visual Studio Solution File, Format Version 12.00
# Visual Studio Version 17
VisualStudioVersion = 17.5.2.0
MinimumVisualStudioVersion = 10.0.40219.1
Project("{FAE04EC0-301F-11D3-BF4B-00C04F79EFBC}") = "FinalProject1", "FinalProject1.csproj", "{B020E7F3-0DF2-0D45-7187-ED84567A7F1E}"
EndProject
Global
	GlobalSection(SolutionConfigurationPlatforms) = preSolution
		Debug|Any CPU = Debug|Any CPU
		Release|Any CPU = Release|Any CPU
	EndGlobalSection
	GlobalSection(ProjectConfigurationPlatforms) = postSolution
		{B020E7F3-0DF2-0D45-7187-ED84567A7F1E}.Debug|Any CPU.ActiveCfg = Debug|Any CPU
		{B020E7F3-0DF2-0D45-7187-ED84567A7F1E}.Debug|Any CPU.Build.0 = Debug|Any CPU
		{B020E7F3-0DF2-0D45-7187-ED84567A7F1E}.Release|Any CPU.ActiveCfg = Release|Any CPU
		{B020E7F3-0DF2-0D45-7187-ED84567A7F1E}.Release|Any CPU.Build.0 = Release|Any CPU
	EndGlobalSection
	GlobalSection(SolutionProperties) = preSolution
		HideSolutionNode = FALSE
	EndGlobalSection
	GlobalSection(ExtensibilityGlobals) = postSolution
		SolutionGuid = {3EFA4D9F-95C7-414E-BB21-4733F33CCF82}
	EndGlobalSection
EndGlobal
